
Microsoft Visual Studio Solution File, Format Version 12.00
# Visual Studio Version 16
VisualStudioVersion = 16.0.30413.136
MinimumVisualStudioVersion = 10.0.40219.1
Project("{9A19103F-16F7-4668-BE54-9A1E7A4F7556}") = "MiniFramework", "MiniFramework\MiniFramework.csproj", "{29AE10BA-5236-4901-A6BA-582ED992850F}"
EndProject
Project("{2150E333-8FDC-42A3-9474-1A3956D46DE8}") = "win32", "win32", "{821FF5FC-F7D7-4B59-9DB0-5F3DB027BC93}"
EndProject
Project("{FAE04EC0-301F-11D3-BF4B-00C04F79EFBC}") = "03-TexturedCube", "Win32\03-TexturedCube\03-TexturedCube.csproj", "{3FC89C99-98A7-4275-BC4E-43335EE47C93}"
EndProject
Project("{2150E333-8FDC-42A3-9474-1A3956D46DE8}") = "android", "android", "{4955AE79-C050-470F-98EB-1E5A8BDDA52B}"
EndProject
Project("{FAE04EC0-301F-11D3-BF4B-00C04F79EFBC}") = "03-TexturedCube", "Android\03-TexturedCube\03-TexturedCube.csproj", "{FBAF65E5-F7FD-4565-BBFB-1C3680FBCF15}"
EndProject
Project("{9A19103F-16F7-4668-BE54-9A1E7A4F7556}") = "Vortice.Vulkan", "..\ext\Vortice.Vulkan\src\Vortice.Vulkan\Vortice.Vulkan.csproj", "{FE27F45D-A84F-4F37-9FCE-E0EAA7EB267A}"
EndProject
Project("{9A19103F-16F7-4668-BE54-9A1E7A4F7556}") = "Patch", "..\ext\Vortice.Vulkan\src\Patch\Patch.csproj", "{1977DAF5-D32A-4A08-BB1B-33913BD7D08A}"
EndProject
Global
	GlobalSection(SolutionConfigurationPlatforms) = preSolution
		Debug|Any CPU = Debug|Any CPU
		Release|Any CPU = Release|Any CPU
	EndGlobalSection
	GlobalSection(ProjectConfigurationPlatforms) = postSolution
		{29AE10BA-5236-4901-A6BA-582ED992850F}.Debug|Any CPU.ActiveCfg = Debug|Any CPU
		{29AE10BA-5236-4901-A6BA-582ED992850F}.Debug|Any CPU.Build.0 = Debug|Any CPU
		{29AE10BA-5236-4901-A6BA-582ED992850F}.Release|Any CPU.ActiveCfg = Release|Any CPU
		{29AE10BA-5236-4901-A6BA-582ED992850F}.Release|Any CPU.Build.0 = Release|Any CPU
		{3FC89C99-98A7-4275-BC4E-43335EE47C93}.Debug|Any CPU.ActiveCfg = Debug|Any CPU
		{3FC89C99-98A7-4275-BC4E-43335EE47C93}.Debug|Any CPU.Build.0 = Debug|Any CPU
		{3FC89C99-98A7-4275-BC4E-43335EE47C93}.Release|Any CPU.ActiveCfg = Release|Any CPU
		{3FC89C99-98A7-4275-BC4E-43335EE47C93}.Release|Any CPU.Build.0 = Release|Any CPU
		{FBAF65E5-F7FD-4565-BBFB-1C3680FBCF15}.Debug|Any CPU.ActiveCfg = Debug|Any CPU
		{FBAF65E5-F7FD-4565-BBFB-1C3680FBCF15}.Debug|Any CPU.Build.0 = Debug|Any CPU
		{FBAF65E5-F7FD-4565-BBFB-1C3680FBCF15}.Debug|Any CPU.Deploy.0 = Debug|Any CPU
		{FBAF65E5-F7FD-4565-BBFB-1C3680FBCF15}.Release|Any CPU.ActiveCfg = Release|Any CPU
		{FBAF65E5-F7FD-4565-BBFB-1C3680FBCF15}.Release|Any CPU.Build.0 = Release|Any CPU
		{FBAF65E5-F7FD-4565-BBFB-1C3680FBCF15}.Release|Any CPU.Deploy.0 = Release|Any CPU
		{FE27F45D-A84F-4F37-9FCE-E0EAA7EB267A}.Debug|Any CPU.ActiveCfg = Debug|Any CPU
		{FE27F45D-A84F-4F37-9FCE-E0EAA7EB267A}.Debug|Any CPU.Build.0 = Debug|Any CPU
		{FE27F45D-A84F-4F37-9FCE-E0EAA7EB267A}.Release|Any CPU.ActiveCfg = Release|Any CPU
		{FE27F45D-A84F-4F37-9FCE-E0EAA7EB267A}.Release|Any CPU.Build.0 = Release|Any CPU
		{1977DAF5-D32A-4A08-BB1B-33913BD7D08A}.Debug|Any CPU.ActiveCfg = Debug|Any CPU
		{1977DAF5-D32A-4A08-BB1B-33913BD7D08A}.Debug|Any CPU.Build.0 = Debug|Any CPU
		{1977DAF5-D32A-4A08-BB1B-33913BD7D08A}.Release|Any CPU.ActiveCfg = Release|Any CPU
		{1977DAF5-D32A-4A08-BB1B-33913BD7D08A}.Release|Any CPU.Build.0 = Release|Any CPU
	EndGlobalSection
	GlobalSection(SolutionProperties) = preSolution
		HideSolutionNode = FALSE
	EndGlobalSection
	GlobalSection(NestedProjects) = preSolution
		{3FC89C99-98A7-4275-BC4E-43335EE47C93} = {821FF5FC-F7D7-4B59-9DB0-5F3DB027BC93}
		{FBAF65E5-F7FD-4565-BBFB-1C3680FBCF15} = {4955AE79-C050-470F-98EB-1E5A8BDDA52B}
	EndGlobalSection
	GlobalSection(ExtensibilityGlobals) = postSolution
		SolutionGuid = {FA48E48A-1E26-4476-988A-16010583FCA7}
	EndGlobalSection
EndGlobal
